<?xml version="1.0" encoding="utf-8"?>
<Project ToolsVersion="4.0" xmlns="http://schemas.microsoft.com/developer/msbuild/2003">
  <ItemGroup>
    <Filter Include="Source Files">
      <UniqueIdentifier>{4FC737F1-C7A5-4376-A066-2A32D752A2FF}</UniqueIdentifier>
      <Extensions>cpp;c;cc;cxx;def;odl;idl;hpj;bat;asm;asmx</Extensions>
    </Filter>
    <Filter Include="Resource Files">
      <UniqueIdentifier>{67DA6AB6-F800-4c08-8B7A-83BB121AAD01}</UniqueIdentifier>
      <Extensions>rc;ico;cur;bmp;dlg;rc2;rct;bin;rgs;gif;jpg;jpeg;jpe;resx;tiff;tif;png;wav;mfcribbon-ms</Extensions>
    </Filter>
  </ItemGroup>
  <ItemGroup>
    <ClCompile Include="Circuit.cpp">
      <Filter>Source Files</Filter>
    </ClCompile>
    <ClCompile Include="ModeSupport.cpp">
      <Filter>Source Files</Filter>
    </ClCompile>
  </ItemGroup>
  <ItemGroup>
    <None Include="packages.config" />
  </ItemGroup>
  <ItemGroup>
    <ClInclude Include="Cell.h">
      <Filter>Source Files</Filter>
    </ClInclude>
    <ClInclude Include="Track.h">
      <Filter>Source Files</Filter>
    </ClInclude>
    <ClInclude Include="EventDispatcher.h">
      <Filter>Source Files</Filter>
    </ClInclude>
    <ClInclude Include="Game.h">
      <Filter>Source Files</Filter>
    </ClInclude>
    <ClInclude Include="ModeSupport.h">
      <Filter>Source Files</Filter>
    </ClInclude>
    <ClInclude Include="Car.h">
      <Filter>Source Files</Filter>
    </ClInclude>
    <ClInclude Include="Resources.h">
      <Filter>Source Files</Filter>
    </ClInclude>
  </ItemGroup>
  <ItemGroup>
    <Media Include="Resources\Fault.wav">
      <Filter>Resource Files</Filter>
    </Media>
    <Media Include="Resources\Engine0.wav">
      <Filter>Resource Files</Filter>
    </Media>
    <Media Include="Resources\Engine1.wav">
      <Filter>Resource Files</Filter>
    </Media>
    <Media Include="Resources\Engine2.wav">
      <Filter>Resource Files</Filter>
    </Media>
    <Media Include="Resources\Engine3.wav">
      <Filter>Resource Files</Filter>
    </Media>
    <Media Include="Resources\Circuit.wav">
      <Filter>Resource Files</Filter>
    </Media>
    <Media Include="Resources\Countdown0.wav">
      <Filter>Resource Files</Filter>
    </Media>
    <Media Include="Resources\Countdown1.wav">
      <Filter>Resource Files</Filter>
    </Media>
    <Media Include="Resources\Countdown2.wav">
      <Filter>Resource Files</Filter>
    </Media>
    <Media Include="Resources\Countdown3.wav">
      <Filter>Resource Files</Filter>
    </Media>
  </ItemGroup>
  <ItemGroup>
    <Font Include="Resources\leadcoat.ttf">
      <Filter>Resource Files</Filter>
    </Font>
    <Font Include="Resources\MICKEY.TTF">
      <Filter>Resource Files</Filter>
    </Font>
    <Font Include="Resources\Minnie.TTF">
      <Filter>Resource Files</Filter>
    </Font>
  </ItemGroup>
</Project>